
Microsoft Visual Studio Solution File, Format Version 12.00
# Visual Studio Version 17
VisualStudioVersion = 17.8.34330.188
MinimumVisualStudioVersion = 10.0.40219.1
Project("{FAE04EC0-301F-11D3-BF4B-00C04F79EFBC}") = "Domingo_DustinD_HWK2", "Domingo_DustinD_HWK2\Domingo_DustinD_HWK2.csproj", "{656BA11E-6E12-4EEB-9A4B-9727A3055C2D}"
EndProject
Global
	GlobalSection(SolutionConfigurationPlatforms) = preSolution
		Debug|Any CPU = Debug|Any CPU
		Release|Any CPU = Release|Any CPU
	EndGlobalSection
	GlobalSection(ProjectConfigurationPlatforms) = postSolution
		{656BA11E-6E12-4EEB-9A4B-9727A3055C2D}.Debug|Any CPU.ActiveCfg = Debug|Any CPU
		{656BA11E-6E12-4EEB-9A4B-9727A3055C2D}.Debug|Any CPU.Build.0 = Debug|Any CPU
		{656BA11E-6E12-4EEB-9A4B-9727A3055C2D}.Release|Any CPU.ActiveCfg = Release|Any CPU
		{656BA11E-6E12-4EEB-9A4B-9727A3055C2D}.Release|Any CPU.Build.0 = Release|Any CPU
	EndGlobalSection
	GlobalSection(SolutionProperties) = preSolution
		HideSolutionNode = FALSE
	EndGlobalSection
	GlobalSection(ExtensibilityGlobals) = postSolution
		SolutionGuid = {601B1DAC-BBF7-4611-8E6F-E6CDCD03DBF2}
	EndGlobalSection
EndGlobal
